
Microsoft Visual Studio Solution File, Format Version 12.00
# Visual Studio 15
VisualStudioVersion = 15.0.26124.0
MinimumVisualStudioVersion = 15.0.26124.0
Project("{2150E333-8FDC-42A3-9474-1A3956D46DE8}") = "src", "src", "{2EC91841-E740-4F86-A7C1-9D20D8DB1450}"
EndProject
Project("{FAE04EC0-301F-11D3-BF4B-00C04F79EFBC}") = "VTopeApiBot", "src\VTopeApiBot\VTopeApiBot.csproj", "{90F71535-12F3-4089-A64C-126DEA5CC965}"
EndProject
Project("{2150E333-8FDC-42A3-9474-1A3956D46DE8}") = "test", "test", "{62A4CD45-0472-48BC-97B8-B627CF5B988F}"
EndProject
Project("{FAE04EC0-301F-11D3-BF4B-00C04F79EFBC}") = "VTopeApiBot.Tests.Unit", "test\VTopeApiBot.Tests.Unit\VTopeApiBot.Tests.Unit.csproj", "{832D95E4-5D4B-418B-AF63-BDA1E4B18BF4}"
EndProject
Project("{FAE04EC0-301F-11D3-BF4B-00C04F79EFBC}") = "VTopeApiBot.Tests.Integration", "test\VTopeApiBot.Tests.Integration\VTopeApiBot.Tests.Integration.csproj", "{90802C8E-832C-4994-879C-F7598FED4E70}"
EndProject
Project("{FAE04EC0-301F-11D3-BF4B-00C04F79EFBC}") = "ConsoleApp1", "src\ConsoleApp1\ConsoleApp1.csproj", "{C8EA4693-B75E-4C8C-8439-D876FF273ED0}"
EndProject
Global
	GlobalSection(SolutionConfigurationPlatforms) = preSolution
		Debug|Any CPU = Debug|Any CPU
		Debug|x64 = Debug|x64
		Debug|x86 = Debug|x86
		Release|Any CPU = Release|Any CPU
		Release|x64 = Release|x64
		Release|x86 = Release|x86
	EndGlobalSection
	GlobalSection(SolutionProperties) = preSolution
		HideSolutionNode = FALSE
	EndGlobalSection
	GlobalSection(ProjectConfigurationPlatforms) = postSolution
		{90F71535-12F3-4089-A64C-126DEA5CC965}.Debug|Any CPU.ActiveCfg = Debug|Any CPU
		{90F71535-12F3-4089-A64C-126DEA5CC965}.Debug|Any CPU.Build.0 = Debug|Any CPU
		{90F71535-12F3-4089-A64C-126DEA5CC965}.Debug|x64.ActiveCfg = Debug|Any CPU
		{90F71535-12F3-4089-A64C-126DEA5CC965}.Debug|x64.Build.0 = Debug|Any CPU
		{90F71535-12F3-4089-A64C-126DEA5CC965}.Debug|x86.ActiveCfg = Debug|Any CPU
		{90F71535-12F3-4089-A64C-126DEA5CC965}.Debug|x86.Build.0 = Debug|Any CPU
		{90F71535-12F3-4089-A64C-126DEA5CC965}.Release|Any CPU.ActiveCfg = Release|Any CPU
		{90F71535-12F3-4089-A64C-126DEA5CC965}.Release|Any CPU.Build.0 = Release|Any CPU
		{90F71535-12F3-4089-A64C-126DEA5CC965}.Release|x64.ActiveCfg = Release|Any CPU
		{90F71535-12F3-4089-A64C-126DEA5CC965}.Release|x64.Build.0 = Release|Any CPU
		{90F71535-12F3-4089-A64C-126DEA5CC965}.Release|x86.ActiveCfg = Release|Any CPU
		{90F71535-12F3-4089-A64C-126DEA5CC965}.Release|x86.Build.0 = Release|Any CPU
		{832D95E4-5D4B-418B-AF63-BDA1E4B18BF4}.Debug|Any CPU.ActiveCfg = Debug|Any CPU
		{832D95E4-5D4B-418B-AF63-BDA1E4B18BF4}.Debug|Any CPU.Build.0 = Debug|Any CPU
		{832D95E4-5D4B-418B-AF63-BDA1E4B18BF4}.Debug|x64.ActiveCfg = Debug|Any CPU
		{832D95E4-5D4B-418B-AF63-BDA1E4B18BF4}.Debug|x64.Build.0 = Debug|Any CPU
		{832D95E4-5D4B-418B-AF63-BDA1E4B18BF4}.Debug|x86.ActiveCfg = Debug|Any CPU
		{832D95E4-5D4B-418B-AF63-BDA1E4B18BF4}.Debug|x86.Build.0 = Debug|Any CPU
		{832D95E4-5D4B-418B-AF63-BDA1E4B18BF4}.Release|Any CPU.ActiveCfg = Release|Any CPU
		{832D95E4-5D4B-418B-AF63-BDA1E4B18BF4}.Release|Any CPU.Build.0 = Release|Any CPU
		{832D95E4-5D4B-418B-AF63-BDA1E4B18BF4}.Release|x64.ActiveCfg = Release|Any CPU
		{832D95E4-5D4B-418B-AF63-BDA1E4B18BF4}.Release|x64.Build.0 = Release|Any CPU
		{832D95E4-5D4B-418B-AF63-BDA1E4B18BF4}.Release|x86.ActiveCfg = Release|Any CPU
		{832D95E4-5D4B-418B-AF63-BDA1E4B18BF4}.Release|x86.Build.0 = Release|Any CPU
		{90802C8E-832C-4994-879C-F7598FED4E70}.Debug|Any CPU.ActiveCfg = Debug|Any CPU
		{90802C8E-832C-4994-879C-F7598FED4E70}.Debug|Any CPU.Build.0 = Debug|Any CPU
		{90802C8E-832C-4994-879C-F7598FED4E70}.Debug|x64.ActiveCfg = Debug|Any CPU
		{90802C8E-832C-4994-879C-F7598FED4E70}.Debug|x64.Build.0 = Debug|Any CPU
		{90802C8E-832C-4994-879C-F7598FED4E70}.Debug|x86.ActiveCfg = Debug|Any CPU
		{90802C8E-832C-4994-879C-F7598FED4E70}.Debug|x86.Build.0 = Debug|Any CPU
		{90802C8E-832C-4994-879C-F7598FED4E70}.Release|Any CPU.ActiveCfg = Release|Any CPU
		{90802C8E-832C-4994-879C-F7598FED4E70}.Release|Any CPU.Build.0 = Release|Any CPU
		{90802C8E-832C-4994-879C-F7598FED4E70}.Release|x64.ActiveCfg = Release|Any CPU
		{90802C8E-832C-4994-879C-F7598FED4E70}.Release|x64.Build.0 = Release|Any CPU
		{90802C8E-832C-4994-879C-F7598FED4E70}.Release|x86.ActiveCfg = Release|Any CPU
		{90802C8E-832C-4994-879C-F7598FED4E70}.Release|x86.Build.0 = Release|Any CPU
		{C8EA4693-B75E-4C8C-8439-D876FF273ED0}.Debug|Any CPU.ActiveCfg = Debug|Any CPU
		{C8EA4693-B75E-4C8C-8439-D876FF273ED0}.Debug|Any CPU.Build.0 = Debug|Any CPU
		{C8EA4693-B75E-4C8C-8439-D876FF273ED0}.Debug|x64.ActiveCfg = Debug|Any CPU
		{C8EA4693-B75E-4C8C-8439-D876FF273ED0}.Debug|x64.Build.0 = Debug|Any CPU
		{C8EA4693-B75E-4C8C-8439-D876FF273ED0}.Debug|x86.ActiveCfg = Debug|Any CPU
		{C8EA4693-B75E-4C8C-8439-D876FF273ED0}.Debug|x86.Build.0 = Debug|Any CPU
		{C8EA4693-B75E-4C8C-8439-D876FF273ED0}.Release|Any CPU.ActiveCfg = Release|Any CPU
		{C8EA4693-B75E-4C8C-8439-D876FF273ED0}.Release|Any CPU.Build.0 = Release|Any CPU
		{C8EA4693-B75E-4C8C-8439-D876FF273ED0}.Release|x64.ActiveCfg = Release|Any CPU
		{C8EA4693-B75E-4C8C-8439-D876FF273ED0}.Release|x64.Build.0 = Release|Any CPU
		{C8EA4693-B75E-4C8C-8439-D876FF273ED0}.Release|x86.ActiveCfg = Release|Any CPU
		{C8EA4693-B75E-4C8C-8439-D876FF273ED0}.Release|x86.Build.0 = Release|Any CPU
	EndGlobalSection
	GlobalSection(NestedProjects) = preSolution
		{90F71535-12F3-4089-A64C-126DEA5CC965} = {2EC91841-E740-4F86-A7C1-9D20D8DB1450}
		{832D95E4-5D4B-418B-AF63-BDA1E4B18BF4} = {62A4CD45-0472-48BC-97B8-B627CF5B988F}
		{90802C8E-832C-4994-879C-F7598FED4E70} = {62A4CD45-0472-48BC-97B8-B627CF5B988F}
		{C8EA4693-B75E-4C8C-8439-D876FF273ED0} = {2EC91841-E740-4F86-A7C1-9D20D8DB1450}
	EndGlobalSection
EndGlobal
